PODS:
  - SegueingInfo (1.0.0)
  - StoryboardXibController (1.5.2):
    - SegueingInfo

DEPENDENCIES:
  - StoryboardXibController (from `./`)

EXTERNAL SOURCES:
  StoryboardXibController:
    :path: ./

SPEC CHECKSUMS:
  SegueingInfo: 674b86e23d6db7f005e146919fef0e3078f70efb
  StoryboardXibController: e9db1ef9e8e7fd0ebec2c77ed11ca88250587d4d

COCOAPODS: 0.33.1
