PODS:
  - SegueingInfo (1.0.0)
  - StoryboardXibController (1.6.1):
    - SegueingInfo

DEPENDENCIES:
  - StoryboardXibController (from `./`)

EXTERNAL SOURCES:
  StoryboardXibController:
    :path: ./

SPEC CHECKSUMS:
  SegueingInfo: 674b86e23d6db7f005e146919fef0e3078f70efb
  StoryboardXibController: 40040742d1a53299c2be20ac3223f424685301f1

COCOAPODS: 0.34.4
